// !$*UTF8*$!
{
	archiveVersion = 1;
	classes = {
	};
	objectVersion = 46;
	objects = {

/* Begin PBXBuildFile section */
		EA2894A31DA397B400237DA0 /* ImgProc.cpp in Sources */ = {isa = PBXBuildFile; fileRef = EA2894A11DA397B400237DA0 /* ImgProc.cpp */; };
		EA7BDE221DA18EB200EB03AB /* main.cpp in Sources */ = {isa = PBXBuildFile; fileRef = EA7BDE211DA18EB200EB03AB /* main.cpp */; };
		EA7BDE291DA1947000EB03AB /* libopencv_core.3.1.0.dylib in Frameworks */ = {isa = PBXBuildFile; fileRef = EA7BDE281DA1947000EB03AB /* libopencv_core.3.1.0.dylib */; };
		EA7BDE361DA194A400EB03AB /* libopencv_highgui.3.1.0.dylib in Frameworks */ = {isa = PBXBuildFile; fileRef = EA7BDE2A1DA194A400EB03AB /* libopencv_highgui.3.1.0.dylib */; };
		EA7BDE371DA194A400EB03AB /* libopencv_highgui.3.1.0.dylib in Frameworks */ = {isa = PBXBuildFile; fileRef = EA7BDE2B1DA194A400EB03AB /* libopencv_highgui.3.1.0.dylib */; };
		EA7BDE381DA194A400EB03AB /* libopencv_highgui.3.1.0.dylib in Frameworks */ = {isa = PBXBuildFile; fileRef = EA7BDE2C1DA194A400EB03AB /* libopencv_highgui.3.1.0.dylib */; };
		EA7BDE391DA194A400EB03AB /* libopencv_imgcodecs.3.1.0.dylib in Frameworks */ = {isa = PBXBuildFile; fileRef = EA7BDE2D1DA194A400EB03AB /* libopencv_imgcodecs.3.1.0.dylib */; };
		EA7BDE3A1DA194A400EB03AB /* libopencv_imgcodecs.3.1.0.dylib in Frameworks */ = {isa = PBXBuildFile; fileRef = EA7BDE2E1DA194A400EB03AB /* libopencv_imgcodecs.3.1.0.dylib */; };
		EA7BDE3B1DA194A400EB03AB /* libopencv_imgcodecs.3.1.0.dylib in Frameworks */ = {isa = PBXBuildFile; fileRef = EA7BDE2F1DA194A400EB03AB /* libopencv_imgcodecs.3.1.0.dylib */; };
		EA7BDE3C1DA194A400EB03AB /* libopencv_imgproc.3.1.0.dylib in Frameworks */ = {isa = PBXBuildFile; fileRef = EA7BDE301DA194A400EB03AB /* libopencv_imgproc.3.1.0.dylib */; };
		EA7BDE3D1DA194A400EB03AB /* libopencv_imgproc.3.1.0.dylib in Frameworks */ = {isa = PBXBuildFile; fileRef = EA7BDE311DA194A400EB03AB /* libopencv_imgproc.3.1.0.dylib */; };
		EA7BDE3E1DA194A400EB03AB /* libopencv_imgproc.3.1.0.dylib in Frameworks */ = {isa = PBXBuildFile; fileRef = EA7BDE321DA194A400EB03AB /* libopencv_imgproc.3.1.0.dylib */; };
		EA7BDE3F1DA194A400EB03AB /* libopencv_ml.3.1.0.dylib in Frameworks */ = {isa = PBXBuildFile; fileRef = EA7BDE331DA194A400EB03AB /* libopencv_ml.3.1.0.dylib */; };
		EA7BDE401DA194A400EB03AB /* libopencv_ml.3.1.0.dylib in Frameworks */ = {isa = PBXBuildFile; fileRef = EA7BDE341DA194A400EB03AB /* libopencv_ml.3.1.0.dylib */; };
		EA7BDE411DA194A400EB03AB /* libopencv_ml.3.1.0.dylib in Frameworks */ = {isa = PBXBuildFile; fileRef = EA7BDE351DA194A400EB03AB /* libopencv_ml.3.1.0.dylib */; };
/* End PBXBuildFile section */

/* Begin PBXCopyFilesBuildPhase section */
		EA7BDE1C1DA18EB200EB03AB /* CopyFiles */ = {
			isa = PBXCopyFilesBuildPhase;
			buildActionMask = 2147483647;
			dstPath = /usr/share/man/man1/;
			dstSubfolderSpec = 0;
			files = (
			);
			runOnlyForDeploymentPostprocessing = 1;
		};
/* End PBXCopyFilesBuildPhase section */

/* Begin PBXFileReference section */
		EA2894A11DA397B400237DA0 /* ImgProc.cpp */ = {isa = PBXFileReference; fileEncoding = 4; lastKnownFileType = sourcecode.cpp.cpp; path = ImgProc.cpp; sourceTree = "<group>"; };
		EA2894A21DA397B400237DA0 /* ImgProc.hpp */ = {isa = PBXFileReference; fileEncoding = 4; lastKnownFileType = sourcecode.cpp.h; path = ImgProc.hpp; sourceTree = "<group>"; };
		EA7BDE1E1DA18EB200EB03AB /* real-recognizer */ = {isa = PBXFileReference; explicitFileType = "compiled.mach-o.executable"; includeInIndex = 0; path = "real-recognizer"; sourceTree = BUILT_PRODUCTS_DIR; };
		EA7BDE211DA18EB200EB03AB /* main.cpp */ = {isa = PBXFileReference; lastKnownFileType = sourcecode.cpp.cpp; path = main.cpp; sourceTree = "<group>"; };
		EA7BDE281DA1947000EB03AB /* libopencv_core.3.1.0.dylib */ = {isa = PBXFileReference; lastKnownFileType = "compiled.mach-o.dylib"; name = libopencv_core.3.1.0.dylib; path = ../../../../opt/local/lib/libopencv_core.3.1.0.dylib; sourceTree = "<group>"; };
		EA7BDE2A1DA194A400EB03AB /* libopencv_highgui.3.1.0.dylib */ = {isa = PBXFileReference; lastKnownFileType = "compiled.mach-o.dylib"; name = libopencv_highgui.3.1.0.dylib; path = ../../../../opt/local/lib/libopencv_highgui.3.1.0.dylib; sourceTree = "<group>"; };
		EA7BDE2B1DA194A400EB03AB /* libopencv_highgui.3.1.0.dylib */ = {isa = PBXFileReference; lastKnownFileType = "compiled.mach-o.dylib"; name = libopencv_highgui.3.1.0.dylib; path = ../../../../opt/local/lib/libopencv_highgui.3.1.0.dylib; sourceTree = "<group>"; };
		EA7BDE2C1DA194A400EB03AB /* libopencv_highgui.3.1.0.dylib */ = {isa = PBXFileReference; lastKnownFileType = "compiled.mach-o.dylib"; name = libopencv_highgui.3.1.0.dylib; path = ../../../../opt/local/lib/libopencv_highgui.3.1.0.dylib; sourceTree = "<group>"; };
		EA7BDE2D1DA194A400EB03AB /* libopencv_imgcodecs.3.1.0.dylib */ = {isa = PBXFileReference; lastKnownFileType = "compiled.mach-o.dylib"; name = libopencv_imgcodecs.3.1.0.dylib; path = ../../../../opt/local/lib/libopencv_imgcodecs.3.1.0.dylib; sourceTree = "<group>"; };
		EA7BDE2E1DA194A400EB03AB /* libopencv_imgcodecs.3.1.0.dylib */ = {isa = PBXFileReference; lastKnownFileType = "compiled.mach-o.dylib"; name = libopencv_imgcodecs.3.1.0.dylib; path = ../../../../opt/local/lib/libopencv_imgcodecs.3.1.0.dylib; sourceTree = "<group>"; };
		EA7BDE2F1DA194A400EB03AB /* libopencv_imgcodecs.3.1.0.dylib */ = {isa = PBXFileReference; lastKnownFileType = "compiled.mach-o.dylib"; name = libopencv_imgcodecs.3.1.0.dylib; path = ../../../../opt/local/lib/libopencv_imgcodecs.3.1.0.dylib; sourceTree = "<group>"; };
		EA7BDE301DA194A400EB03AB /* libopencv_imgproc.3.1.0.dylib */ = {isa = PBXFileReference; lastKnownFileType = "compiled.mach-o.dylib"; name = libopencv_imgproc.3.1.0.dylib; path = ../../../../opt/local/lib/libopencv_imgproc.3.1.0.dylib; sourceTree = "<group>"; };
		EA7BDE311DA194A400EB03AB /* libopencv_imgproc.3.1.0.dylib */ = {isa = PBXFileReference; lastKnownFileType = "compiled.mach-o.dylib"; name = libopencv_imgproc.3.1.0.dylib; path = ../../../../opt/local/lib/libopencv_imgproc.3.1.0.dylib; sourceTree = "<group>"; };
		EA7BDE321DA194A400EB03AB /* libopencv_imgproc.3.1.0.dylib */ = {isa = PBXFileReference; lastKnownFileType = "compiled.mach-o.dylib"; name = libopencv_imgproc.3.1.0.dylib; path = ../../../../opt/local/lib/libopencv_imgproc.3.1.0.dylib; sourceTree = "<group>"; };
		EA7BDE331DA194A400EB03AB /* libopencv_ml.3.1.0.dylib */ = {isa = PBXFileReference; lastKnownFileType = "compiled.mach-o.dylib"; name = libopencv_ml.3.1.0.dylib; path = ../../../../opt/local/lib/libopencv_ml.3.1.0.dylib; sourceTree = "<group>"; };
		EA7BDE341DA194A400EB03AB /* libopencv_ml.3.1.0.dylib */ = {isa = PBXFileReference; lastKnownFileType = "compiled.mach-o.dylib"; name = libopencv_ml.3.1.0.dylib; path = ../../../../opt/local/lib/libopencv_ml.3.1.0.dylib; sourceTree = "<group>"; };
		EA7BDE351DA194A400EB03AB /* libopencv_ml.3.1.0.dylib */ = {isa = PBXFileReference; lastKnownFileType = "compiled.mach-o.dylib"; name = libopencv_ml.3.1.0.dylib; path = ../../../../opt/local/lib/libopencv_ml.3.1.0.dylib; sourceTree = "<group>"; };
/* End PBXFileReference section */

/* Begin PBXFrameworksBuildPhase section */
		EA7BDE1B1DA18EB200EB03AB /* Frameworks */ = {
			isa = PBXFrameworksBuildPhase;
			buildActionMask = 2147483647;
			files = (
				EA7BDE3A1DA194A400EB03AB /* libopencv_imgcodecs.3.1.0.dylib in Frameworks */,
				EA7BDE411DA194A400EB03AB /* libopencv_ml.3.1.0.dylib in Frameworks */,
				EA7BDE291DA1947000EB03AB /* libopencv_core.3.1.0.dylib in Frameworks */,
				EA7BDE401DA194A400EB03AB /* libopencv_ml.3.1.0.dylib in Frameworks */,
				EA7BDE3B1DA194A400EB03AB /* libopencv_imgcodecs.3.1.0.dylib in Frameworks */,
				EA7BDE371DA194A400EB03AB /* libopencv_highgui.3.1.0.dylib in Frameworks */,
				EA7BDE361DA194A400EB03AB /* libopencv_highgui.3.1.0.dylib in Frameworks */,
				EA7BDE3E1DA194A400EB03AB /* libopencv_imgproc.3.1.0.dylib in Frameworks */,
				EA7BDE3D1DA194A400EB03AB /* libopencv_imgproc.3.1.0.dylib in Frameworks */,
				EA7BDE391DA194A400EB03AB /* libopencv_imgcodecs.3.1.0.dylib in Frameworks */,
				EA7BDE3F1DA194A400EB03AB /* libopencv_ml.3.1.0.dylib in Frameworks */,
				EA7BDE381DA194A400EB03AB /* libopencv_highgui.3.1.0.dylib in Frameworks */,
				EA7BDE3C1DA194A400EB03AB /* libopencv_imgproc.3.1.0.dylib in Frameworks */,
			);
			runOnlyForDeploymentPostprocessing = 0;
		};
/* End PBXFrameworksBuildPhase section */

/* Begin PBXGroup section */
		EA7BDE151DA18EB200EB03AB = {
			isa = PBXGroup;
			children = (
				EA7BDE2A1DA194A400EB03AB /* libopencv_highgui.3.1.0.dylib */,
				EA7BDE2B1DA194A400EB03AB /* libopencv_highgui.3.1.0.dylib */,
				EA7BDE2C1DA194A400EB03AB /* libopencv_highgui.3.1.0.dylib */,
				EA7BDE2D1DA194A400EB03AB /* libopencv_imgcodecs.3.1.0.dylib */,
				EA7BDE2E1DA194A400EB03AB /* libopencv_imgcodecs.3.1.0.dylib */,
				EA7BDE2F1DA194A400EB03AB /* libopencv_imgcodecs.3.1.0.dylib */,
				EA7BDE301DA194A400EB03AB /* libopencv_imgproc.3.1.0.dylib */,
				EA7BDE311DA194A400EB03AB /* libopencv_imgproc.3.1.0.dylib */,
				EA7BDE321DA194A400EB03AB /* libopencv_imgproc.3.1.0.dylib */,
				EA7BDE331DA194A400EB03AB /* libopencv_ml.3.1.0.dylib */,
				EA7BDE341DA194A400EB03AB /* libopencv_ml.3.1.0.dylib */,
				EA7BDE351DA194A400EB03AB /* libopencv_ml.3.1.0.dylib */,
				EA7BDE281DA1947000EB03AB /* libopencv_core.3.1.0.dylib */,
				EA7BDE201DA18EB200EB03AB /* real-recognizer */,
				EA7BDE1F1DA18EB200EB03AB /* Products */,
			);
			sourceTree = "<group>";
		};
		EA7BDE1F1DA18EB200EB03AB /* Products */ = {
			isa = PBXGroup;
			children = (
				EA7BDE1E1DA18EB200EB03AB /* real-recognizer */,
			);
			name = Products;
			sourceTree = "<group>";
		};
		EA7BDE201DA18EB200EB03AB /* real-recognizer */ = {
			isa = PBXGroup;
			children = (
				EA7BDE211DA18EB200EB03AB /* main.cpp */,
				EA2894A11DA397B400237DA0 /* ImgProc.cpp */,
				EA2894A21DA397B400237DA0 /* ImgProc.hpp */,
			);
			path = "real-recognizer";
			sourceTree = "<group>";
		};
/* End PBXGroup section */

/* Begin PBXNativeTarget section */
		EA7BDE1D1DA18EB200EB03AB /* real-recognizer */ = {
			isa = PBXNativeTarget;
			buildConfigurationList = EA7BDE251DA18EB200EB03AB /* Build configuration list for PBXNativeTarget "real-recognizer" */;
			buildPhases = (
				EA7BDE1A1DA18EB200EB03AB /* Sources */,
				EA7BDE1B1DA18EB200EB03AB /* Frameworks */,
				EA7BDE1C1DA18EB200EB03AB /* CopyFiles */,
			);
			buildRules = (
			);
			dependencies = (
			);
			name = "real-recognizer";
			productName = "real-recognizer";
			productReference = EA7BDE1E1DA18EB200EB03AB /* real-recognizer */;
			productType = "com.apple.product-type.tool";
		};
/* End PBXNativeTarget section */

/* Begin PBXProject section */
		EA7BDE161DA18EB200EB03AB /* Project object */ = {
			isa = PBXProject;
			attributes = {
				LastUpgradeCheck = 0730;
				ORGANIZATIONNAME = "김동이";
				TargetAttributes = {
					EA7BDE1D1DA18EB200EB03AB = {
						CreatedOnToolsVersion = 7.3.1;
					};
				};
			};
			buildConfigurationList = EA7BDE191DA18EB200EB03AB /* Build configuration list for PBXProject "real-recognizer" */;
			compatibilityVersion = "Xcode 3.2";
			developmentRegion = English;
			hasScannedForEncodings = 0;
			knownRegions = (
				en,
			);
			mainGroup = EA7BDE151DA18EB200EB03AB;
			productRefGroup = EA7BDE1F1DA18EB200EB03AB /* Products */;
			projectDirPath = "";
			projectRoot = "";
			targets = (
				EA7BDE1D1DA18EB200EB03AB /* real-recognizer */,
			);
		};
/* End PBXProject section */

/* Begin PBXSourcesBuildPhase section */
		EA7BDE1A1DA18EB200EB03AB /* Sources */ = {
			isa = PBXSourcesBuildPhase;
			buildActionMask = 2147483647;
			files = (
				EA7BDE221DA18EB200EB03AB /* main.cpp in Sources */,
				EA2894A31DA397B400237DA0 /* ImgProc.cpp in Sources */,
			);
			runOnlyForDeploymentPostprocessing = 0;
		};
/* End PBXSourcesBuildPhase section */

/* Begin XCBuildConfiguration section */
		EA7BDE231DA18EB200EB03AB /* Debug */ = {
			isa = XCBuildConfiguration;
			buildSettings = {
				ALWAYS_SEARCH_USER_PATHS = NO;
				CLANG_ANALYZER_NONNULL = YES;
				CLANG_CXX_LANGUAGE_STANDARD = "gnu++0x";
				CLANG_CXX_LIBRARY = "libc++";
				CLANG_ENABLE_MODULES = YES;
				CLANG_ENABLE_OBJC_ARC = YES;
				CLANG_WARN_BOOL_CONVERSION = YES;
				CLANG_WARN_CONSTANT_CONVERSION = YES;
				CLANG_WARN_DIRECT_OBJC_ISA_USAGE = YES_ERROR;
				CLANG_WARN_EMPTY_BODY = YES;
				CLANG_WARN_ENUM_CONVERSION = YES;
				CLANG_WARN_INT_CONVERSION = YES;
				CLANG_WARN_OBJC_ROOT_CLASS = YES_ERROR;
				CLANG_WARN_UNREACHABLE_CODE = YES;
				CLANG_WARN__DUPLICATE_METHOD_MATCH = YES;
				CODE_SIGN_IDENTITY = "-";
				COPY_PHASE_STRIP = NO;
				DEBUG_INFORMATION_FORMAT = dwarf;
				ENABLE_STRICT_OBJC_MSGSEND = YES;
				ENABLE_TESTABILITY = YES;
				GCC_C_LANGUAGE_STANDARD = gnu99;
				GCC_DYNAMIC_NO_PIC = NO;
				GCC_NO_COMMON_BLOCKS = YES;
				GCC_OPTIMIZATION_LEVEL = 0;
				GCC_PREPROCESSOR_DEFINITIONS = (
					"DEBUG=1",
					"$(inherited)",
				);
				GCC_WARN_64_TO_32_BIT_CONVERSION = YES;
				GCC_WARN_ABOUT_RETURN_TYPE = YES_ERROR;
				GCC_WARN_UNDECLARED_SELECTOR = YES;
				GCC_WARN_UNINITIALIZED_AUTOS = YES_AGGRESSIVE;
				GCC_WARN_UNUSED_FUNCTION = YES;
				GCC_WARN_UNUSED_VARIABLE = YES;
				MACOSX_DEPLOYMENT_TARGET = 10.11;
				MTL_ENABLE_DEBUG_INFO = YES;
				ONLY_ACTIVE_ARCH = YES;
				SDKROOT = macosx;
			};
			name = Debug;
		};
		EA7BDE241DA18EB200EB03AB /* Release */ = {
			isa = XCBuildConfiguration;
			buildSettings = {
				ALWAYS_SEARCH_USER_PATHS = NO;
				CLANG_ANALYZER_NONNULL = YES;
				CLANG_CXX_LANGUAGE_STANDARD = "gnu++0x";
				CLANG_CXX_LIBRARY = "libc++";
				CLANG_ENABLE_MODULES = YES;
				CLANG_ENABLE_OBJC_ARC = YES;
				CLANG_WARN_BOOL_CONVERSION = YES;
				CLANG_WARN_CONSTANT_CONVERSION = YES;
				CLANG_WARN_DIRECT_OBJC_ISA_USAGE = YES_ERROR;
				CLANG_WARN_EMPTY_BODY = YES;
				CLANG_WARN_ENUM_CONVERSION = YES;
				CLANG_WARN_INT_CONVERSION = YES;
				CLANG_WARN_OBJC_ROOT_CLASS = YES_ERROR;
				CLANG_WARN_UNREACHABLE_CODE = YES;
				CLANG_WARN__DUPLICATE_METHOD_MATCH = YES;
				CODE_SIGN_IDENTITY = "-";
				COPY_PHASE_STRIP = NO;
				DEBUG_INFORMATION_FORMAT = "dwarf-with-dsym";
				ENABLE_NS_ASSERTIONS = NO;
				ENABLE_STRICT_OBJC_MSGSEND = YES;
				GCC_C_LANGUAGE_STANDARD = gnu99;
				GCC_NO_COMMON_BLOCKS = YES;
				GCC_WARN_64_TO_32_BIT_CONVERSION = YES;
				GCC_WARN_ABOUT_RETURN_TYPE = YES_ERROR;
				GCC_WARN_UNDECLARED_SELECTOR = YES;
				GCC_WARN_UNINITIALIZED_AUTOS = YES_AGGRESSIVE;
				GCC_WARN_UNUSED_FUNCTION = YES;
				GCC_WARN_UNUSED_VARIABLE = YES;
				MACOSX_DEPLOYMENT_TARGET = 10.11;
				MTL_ENABLE_DEBUG_INFO = NO;
				SDKROOT = macosx;
			};
			name = Release;
		};
		EA7BDE261DA18EB200EB03AB /* Debug */ = {
			isa = XCBuildConfiguration;
			buildSettings = {
				HEADER_SEARCH_PATHS = /opt/local/include;
				LIBRARY_SEARCH_PATHS = /opt/local/lib;
				PRODUCT_NAME = "$(TARGET_NAME)";
			};
			name = Debug;
		};
		EA7BDE271DA18EB200EB03AB /* Release */ = {
			isa = XCBuildConfiguration;
			buildSettings = {
				HEADER_SEARCH_PATHS = /opt/local/include;
				LIBRARY_SEARCH_PATHS = /opt/local/lib;
				PRODUCT_NAME = "$(TARGET_NAME)";
			};
			name = Release;
		};
/* End XCBuildConfiguration section */

/* Begin XCConfigurationList section */
		EA7BDE191DA18EB200EB03AB /* Build configuration list for PBXProject "real-recognizer" */ = {
			isa = XCConfigurationList;
			buildConfigurations = (
				EA7BDE231DA18EB200EB03AB /* Debug */,
				EA7BDE241DA18EB200EB03AB /* Release */,
			);
			defaultConfigurationIsVisible = 0;
			defaultConfigurationName = Release;
		};
		EA7BDE251DA18EB200EB03AB /* Build configuration list for PBXNativeTarget "real-recognizer" */ = {
			isa = XCConfigurationList;
			buildConfigurations = (
				EA7BDE261DA18EB200EB03AB /* Debug */,
				EA7BDE271DA18EB200EB03AB /* Release */,
			);
			defaultConfigurationIsVisible = 0;
			defaultConfigurationName = Release;
		};
/* End XCConfigurationList section */
	};
	rootObject = EA7BDE161DA18EB200EB03AB /* Project object */;
}
